
Microsoft Visual Studio Solution File, Format Version 12.00
# Visual Studio 15
VisualStudioVersion = 15.0.28307.106
MinimumVisualStudioVersion = 10.0.40219.1
Project("{FAE04EC0-301F-11D3-BF4B-00C04F79EFBC}") = "APP.Android", "APP\APP.Android\APP.Android.csproj", "{7B438BBB-604D-4306-90B8-E1141C6F909D}"
EndProject
Project("{FAE04EC0-301F-11D3-BF4B-00C04F79EFBC}") = "APP.iOS", "APP\APP.iOS\APP.iOS.csproj", "{7FD3003D-6C91-4AB3-82C2-25080A73181A}"
EndProject
Project("{FAE04EC0-301F-11D3-BF4B-00C04F79EFBC}") = "APP", "APP\APP\APP.csproj", "{E4203A8C-6D37-4360-83D3-B9887C59282D}"
EndProject
Global
	GlobalSection(SolutionConfigurationPlatforms) = preSolution
		Ad-Hoc|Any CPU = Ad-Hoc|Any CPU
		Ad-Hoc|iPhone = Ad-Hoc|iPhone
		Ad-Hoc|iPhoneSimulator = Ad-Hoc|iPhoneSimulator
		AppStore|Any CPU = AppStore|Any CPU
		AppStore|iPhone = AppStore|iPhone
		AppStore|iPhoneSimulator = AppStore|iPhoneSimulator
		Debug|Any CPU = Debug|Any CPU
		Debug|iPhone = Debug|iPhone
		Debug|iPhoneSimulator = Debug|iPhoneSimulator
		Release|Any CPU = Release|Any CPU
		Release|iPhone = Release|iPhone
		Release|iPhoneSimulator = Release|iPhoneSimulator
	EndGlobalSection
	GlobalSection(ProjectConfigurationPlatforms) = postSolution
		{7B438BBB-604D-4306-90B8-E1141C6F909D}.Ad-Hoc|Any CPU.ActiveCfg = Release|Any CPU
		{7B438BBB-604D-4306-90B8-E1141C6F909D}.Ad-Hoc|Any CPU.Build.0 = Release|Any CPU
		{7B438BBB-604D-4306-90B8-E1141C6F909D}.Ad-Hoc|Any CPU.Deploy.0 = Release|Any CPU
		{7B438BBB-604D-4306-90B8-E1141C6F909D}.Ad-Hoc|iPhone.ActiveCfg = Release|Any CPU
		{7B438BBB-604D-4306-90B8-E1141C6F909D}.Ad-Hoc|iPhone.Build.0 = Release|Any CPU
		{7B438BBB-604D-4306-90B8-E1141C6F909D}.Ad-Hoc|iPhone.Deploy.0 = Release|Any CPU
		{7B438BBB-604D-4306-90B8-E1141C6F909D}.Ad-Hoc|iPhoneSimulator.ActiveCfg = Release|Any CPU
		{7B438BBB-604D-4306-90B8-E1141C6F909D}.Ad-Hoc|iPhoneSimulator.Build.0 = Release|Any CPU
		{7B438BBB-604D-4306-90B8-E1141C6F909D}.Ad-Hoc|iPhoneSimulator.Deploy.0 = Release|Any CPU
		{7B438BBB-604D-4306-90B8-E1141C6F909D}.AppStore|Any CPU.ActiveCfg = Release|Any CPU
		{7B438BBB-604D-4306-90B8-E1141C6F909D}.AppStore|Any CPU.Build.0 = Release|Any CPU
		{7B438BBB-604D-4306-90B8-E1141C6F909D}.AppStore|Any CPU.Deploy.0 = Release|Any CPU
		{7B438BBB-604D-4306-90B8-E1141C6F909D}.AppStore|iPhone.ActiveCfg = Release|Any CPU
		{7B438BBB-604D-4306-90B8-E1141C6F909D}.AppStore|iPhone.Build.0 = Release|Any CPU
		{7B438BBB-604D-4306-90B8-E1141C6F909D}.AppStore|iPhone.Deploy.0 = Release|Any CPU
		{7B438BBB-604D-4306-90B8-E1141C6F909D}.AppStore|iPhoneSimulator.ActiveCfg = Release|Any CPU
		{7B438BBB-604D-4306-90B8-E1141C6F909D}.AppStore|iPhoneSimulator.Build.0 = Release|Any CPU
		{7B438BBB-604D-4306-90B8-E1141C6F909D}.AppStore|iPhoneSimulator.Deploy.0 = Release|Any CPU
		{7B438BBB-604D-4306-90B8-E1141C6F909D}.Debug|Any CPU.ActiveCfg = Debug|Any CPU
		{7B438BBB-604D-4306-90B8-E1141C6F909D}.Debug|Any CPU.Build.0 = Debug|Any CPU
		{7B438BBB-604D-4306-90B8-E1141C6F909D}.Debug|Any CPU.Deploy.0 = Debug|Any CPU
		{7B438BBB-604D-4306-90B8-E1141C6F909D}.Debug|iPhone.ActiveCfg = Debug|Any CPU
		{7B438BBB-604D-4306-90B8-E1141C6F909D}.Debug|iPhone.Build.0 = Debug|Any CPU
		{7B438BBB-604D-4306-90B8-E1141C6F909D}.Debug|iPhone.Deploy.0 = Debug|Any CPU
		{7B438BBB-604D-4306-90B8-E1141C6F909D}.Debug|iPhoneSimulator.ActiveCfg = Debug|Any CPU
		{7B438BBB-604D-4306-90B8-E1141C6F909D}.Debug|iPhoneSimulator.Build.0 = Debug|Any CPU
		{7B438BBB-604D-4306-90B8-E1141C6F909D}.Debug|iPhoneSimulator.Deploy.0 = Debug|Any CPU
		{7B438BBB-604D-4306-90B8-E1141C6F909D}.Release|Any CPU.ActiveCfg = Release|Any CPU
		{7B438BBB-604D-4306-90B8-E1141C6F909D}.Release|Any CPU.Build.0 = Release|Any CPU
		{7B438BBB-604D-4306-90B8-E1141C6F909D}.Release|Any CPU.Deploy.0 = Release|Any CPU
		{7B438BBB-604D-4306-90B8-E1141C6F909D}.Release|iPhone.ActiveCfg = Release|Any CPU
		{7B438BBB-604D-4306-90B8-E1141C6F909D}.Release|iPhone.Build.0 = Release|Any CPU
		{7B438BBB-604D-4306-90B8-E1141C6F909D}.Release|iPhone.Deploy.0 = Release|Any CPU
		{7B438BBB-604D-4306-90B8-E1141C6F909D}.Release|iPhoneSimulator.ActiveCfg = Release|Any CPU
		{7B438BBB-604D-4306-90B8-E1141C6F909D}.Release|iPhoneSimulator.Build.0 = Release|Any CPU
		{7B438BBB-604D-4306-90B8-E1141C6F909D}.Release|iPhoneSimulator.Deploy.0 = Release|Any CPU
		{7FD3003D-6C91-4AB3-82C2-25080A73181A}.Ad-Hoc|Any CPU.ActiveCfg = Ad-Hoc|iPhone
		{7FD3003D-6C91-4AB3-82C2-25080A73181A}.Ad-Hoc|Any CPU.Build.0 = Ad-Hoc|iPhone
		{7FD3003D-6C91-4AB3-82C2-25080A73181A}.Ad-Hoc|Any CPU.Deploy.0 = Ad-Hoc|iPhone
		{7FD3003D-6C91-4AB3-82C2-25080A73181A}.Ad-Hoc|iPhone.ActiveCfg = Ad-Hoc|iPhone
		{7FD3003D-6C91-4AB3-82C2-25080A73181A}.Ad-Hoc|iPhone.Build.0 = Ad-Hoc|iPhone
		{7FD3003D-6C91-4AB3-82C2-25080A73181A}.Ad-Hoc|iPhone.Deploy.0 = Ad-Hoc|iPhone
		{7FD3003D-6C91-4AB3-82C2-25080A73181A}.Ad-Hoc|iPhoneSimulator.ActiveCfg = Ad-Hoc|iPhoneSimulator
		{7FD3003D-6C91-4AB3-82C2-25080A73181A}.Ad-Hoc|iPhoneSimulator.Build.0 = Ad-Hoc|iPhoneSimulator
		{7FD3003D-6C91-4AB3-82C2-25080A73181A}.Ad-Hoc|iPhoneSimulator.Deploy.0 = Ad-Hoc|iPhoneSimulator
		{7FD3003D-6C91-4AB3-82C2-25080A73181A}.AppStore|Any CPU.ActiveCfg = AppStore|iPhone
		{7FD3003D-6C91-4AB3-82C2-25080A73181A}.AppStore|Any CPU.Build.0 = AppStore|iPhone
		{7FD3003D-6C91-4AB3-82C2-25080A73181A}.AppStore|Any CPU.Deploy.0 = AppStore|iPhone
		{7FD3003D-6C91-4AB3-82C2-25080A73181A}.AppStore|iPhone.ActiveCfg = AppStore|iPhone
		{7FD3003D-6C91-4AB3-82C2-25080A73181A}.AppStore|iPhone.Build.0 = AppStore|iPhone
		{7FD3003D-6C91-4AB3-82C2-25080A73181A}.AppStore|iPhone.Deploy.0 = AppStore|iPhone
		{7FD3003D-6C91-4AB3-82C2-25080A73181A}.AppStore|iPhoneSimulator.ActiveCfg = AppStore|iPhoneSimulator
		{7FD3003D-6C91-4AB3-82C2-25080A73181A}.AppStore|iPhoneSimulator.Build.0 = AppStore|iPhoneSimulator
		{7FD3003D-6C91-4AB3-82C2-25080A73181A}.AppStore|iPhoneSimulator.Deploy.0 = AppStore|iPhoneSimulator
		{7FD3003D-6C91-4AB3-82C2-25080A73181A}.Debug|Any CPU.ActiveCfg = Debug|iPhoneSimulator
		{7FD3003D-6C91-4AB3-82C2-25080A73181A}.Debug|Any CPU.Build.0 = Debug|iPhoneSimulator
		{7FD3003D-6C91-4AB3-82C2-25080A73181A}.Debug|Any CPU.Deploy.0 = Debug|iPhoneSimulator
		{7FD3003D-6C91-4AB3-82C2-25080A73181A}.Debug|iPhone.ActiveCfg = Debug|iPhone
		{7FD3003D-6C91-4AB3-82C2-25080A73181A}.Debug|iPhone.Build.0 = Debug|iPhone
		{7FD3003D-6C91-4AB3-82C2-25080A73181A}.Debug|iPhone.Deploy.0 = Debug|iPhone
		{7FD3003D-6C91-4AB3-82C2-25080A73181A}.Debug|iPhoneSimulator.ActiveCfg = Debug|iPhoneSimulator
		{7FD3003D-6C91-4AB3-82C2-25080A73181A}.Debug|iPhoneSimulator.Build.0 = Debug|iPhoneSimulator
		{7FD3003D-6C91-4AB3-82C2-25080A73181A}.Debug|iPhoneSimulator.Deploy.0 = Debug|iPhoneSimulator
		{7FD3003D-6C91-4AB3-82C2-25080A73181A}.Release|Any CPU.ActiveCfg = Release|iPhone
		{7FD3003D-6C91-4AB3-82C2-25080A73181A}.Release|Any CPU.Build.0 = Release|iPhone
		{7FD3003D-6C91-4AB3-82C2-25080A73181A}.Release|Any CPU.Deploy.0 = Release|iPhone
		{7FD3003D-6C91-4AB3-82C2-25080A73181A}.Release|iPhone.ActiveCfg = Release|iPhone
		{7FD3003D-6C91-4AB3-82C2-25080A73181A}.Release|iPhone.Build.0 = Release|iPhone
		{7FD3003D-6C91-4AB3-82C2-25080A73181A}.Release|iPhone.Deploy.0 = Release|iPhone
		{7FD3003D-6C91-4AB3-82C2-25080A73181A}.Release|iPhoneSimulator.ActiveCfg = Release|iPhoneSimulator
		{7FD3003D-6C91-4AB3-82C2-25080A73181A}.Release|iPhoneSimulator.Build.0 = Release|iPhoneSimulator
		{7FD3003D-6C91-4AB3-82C2-25080A73181A}.Release|iPhoneSimulator.Deploy.0 = Release|iPhoneSimulator
		{E4203A8C-6D37-4360-83D3-B9887C59282D}.Ad-Hoc|Any CPU.ActiveCfg = Debug|Any CPU
		{E4203A8C-6D37-4360-83D3-B9887C59282D}.Ad-Hoc|Any CPU.Build.0 = Debug|Any CPU
		{E4203A8C-6D37-4360-83D3-B9887C59282D}.Ad-Hoc|Any CPU.Deploy.0 = Debug|Any CPU
		{E4203A8C-6D37-4360-83D3-B9887C59282D}.Ad-Hoc|iPhone.ActiveCfg = Debug|Any CPU
		{E4203A8C-6D37-4360-83D3-B9887C59282D}.Ad-Hoc|iPhone.Build.0 = Debug|Any CPU
		{E4203A8C-6D37-4360-83D3-B9887C59282D}.Ad-Hoc|iPhone.Deploy.0 = Debug|Any CPU
		{E4203A8C-6D37-4360-83D3-B9887C59282D}.Ad-Hoc|iPhoneSimulator.ActiveCfg = Debug|Any CPU
		{E4203A8C-6D37-4360-83D3-B9887C59282D}.Ad-Hoc|iPhoneSimulator.Build.0 = Debug|Any CPU
		{E4203A8C-6D37-4360-83D3-B9887C59282D}.Ad-Hoc|iPhoneSimulator.Deploy.0 = Debug|Any CPU
		{E4203A8C-6D37-4360-83D3-B9887C59282D}.AppStore|Any CPU.ActiveCfg = Debug|Any CPU
		{E4203A8C-6D37-4360-83D3-B9887C59282D}.AppStore|Any CPU.Build.0 = Debug|Any CPU
		{E4203A8C-6D37-4360-83D3-B9887C59282D}.AppStore|Any CPU.Deploy.0 = Debug|Any CPU
		{E4203A8C-6D37-4360-83D3-B9887C59282D}.AppStore|iPhone.ActiveCfg = Debug|Any CPU
		{E4203A8C-6D37-4360-83D3-B9887C59282D}.AppStore|iPhone.Build.0 = Debug|Any CPU
		{E4203A8C-6D37-4360-83D3-B9887C59282D}.AppStore|iPhone.Deploy.0 = Debug|Any CPU
		{E4203A8C-6D37-4360-83D3-B9887C59282D}.AppStore|iPhoneSimulator.ActiveCfg = Debug|Any CPU
		{E4203A8C-6D37-4360-83D3-B9887C59282D}.AppStore|iPhoneSimulator.Build.0 = Debug|Any CPU
		{E4203A8C-6D37-4360-83D3-B9887C59282D}.AppStore|iPhoneSimulator.Deploy.0 = Debug|Any CPU
		{E4203A8C-6D37-4360-83D3-B9887C59282D}.Debug|Any CPU.ActiveCfg = Debug|Any CPU
		{E4203A8C-6D37-4360-83D3-B9887C59282D}.Debug|Any CPU.Build.0 = Debug|Any CPU
		{E4203A8C-6D37-4360-83D3-B9887C59282D}.Debug|Any CPU.Deploy.0 = Debug|Any CPU
		{E4203A8C-6D37-4360-83D3-B9887C59282D}.Debug|iPhone.ActiveCfg = Debug|Any CPU
		{E4203A8C-6D37-4360-83D3-B9887C59282D}.Debug|iPhone.Build.0 = Debug|Any CPU
		{E4203A8C-6D37-4360-83D3-B9887C59282D}.Debug|iPhone.Deploy.0 = Debug|Any CPU
		{E4203A8C-6D37-4360-83D3-B9887C59282D}.Debug|iPhoneSimulator.ActiveCfg = Debug|Any CPU
		{E4203A8C-6D37-4360-83D3-B9887C59282D}.Debug|iPhoneSimulator.Build.0 = Debug|Any CPU
		{E4203A8C-6D37-4360-83D3-B9887C59282D}.Debug|iPhoneSimulator.Deploy.0 = Debug|Any CPU
		{E4203A8C-6D37-4360-83D3-B9887C59282D}.Release|Any CPU.ActiveCfg = Release|Any CPU
		{E4203A8C-6D37-4360-83D3-B9887C59282D}.Release|Any CPU.Build.0 = Release|Any CPU
		{E4203A8C-6D37-4360-83D3-B9887C59282D}.Release|Any CPU.Deploy.0 = Release|Any CPU
		{E4203A8C-6D37-4360-83D3-B9887C59282D}.Release|iPhone.ActiveCfg = Release|Any CPU
		{E4203A8C-6D37-4360-83D3-B9887C59282D}.Release|iPhone.Build.0 = Release|Any CPU
		{E4203A8C-6D37-4360-83D3-B9887C59282D}.Release|iPhone.Deploy.0 = Release|Any CPU
		{E4203A8C-6D37-4360-83D3-B9887C59282D}.Release|iPhoneSimulator.ActiveCfg = Release|Any CPU
		{E4203A8C-6D37-4360-83D3-B9887C59282D}.Release|iPhoneSimulator.Build.0 = Release|Any CPU
		{E4203A8C-6D37-4360-83D3-B9887C59282D}.Release|iPhoneSimulator.Deploy.0 = Release|Any CPU
	EndGlobalSection
	GlobalSection(SolutionProperties) = preSolution
		HideSolutionNode = FALSE
	EndGlobalSection
	GlobalSection(ExtensibilityGlobals) = postSolution
		SolutionGuid = {88AB22F9-45F2-46E7-A783-6FF8F47E9463}
	EndGlobalSection
EndGlobal
